
Microsoft Visual Studio Solution File, Format Version 12.00
# Visual Studio Version 17
VisualStudioVersion = 17.13.35818.85 d17.13
MinimumVisualStudioVersion = 10.0.40219.1
Project("{FAE04EC0-301F-11D3-BF4B-00C04F79EFBC}") = "GameAPI", "GameAPI\GameAPI.csproj", "{1008DCF1-8364-459D-8E8F-D5BB6845BBA3}"
EndProject
Project("{FAE04EC0-301F-11D3-BF4B-00C04F79EFBC}") = "BasketballUI", "BasketballUI\BasketballUI.csproj", "{927D2C31-ED21-4069-9841-4C8B0B1415C8}"
EndProject
Global
	GlobalSection(SolutionConfigurationPlatforms) = preSolution
		Debug|Any CPU = Debug|Any CPU
		Release|Any CPU = Release|Any CPU
	EndGlobalSection
	GlobalSection(ProjectConfigurationPlatforms) = postSolution
		{1008DCF1-8364-459D-8E8F-D5BB6845BBA3}.Debug|Any CPU.ActiveCfg = Debug|Any CPU
		{1008DCF1-8364-459D-8E8F-D5BB6845BBA3}.Debug|Any CPU.Build.0 = Debug|Any CPU
		{1008DCF1-8364-459D-8E8F-D5BB6845BBA3}.Release|Any CPU.ActiveCfg = Release|Any CPU
		{1008DCF1-8364-459D-8E8F-D5BB6845BBA3}.Release|Any CPU.Build.0 = Release|Any CPU
		{927D2C31-ED21-4069-9841-4C8B0B1415C8}.Debug|Any CPU.ActiveCfg = Debug|Any CPU
		{927D2C31-ED21-4069-9841-4C8B0B1415C8}.Debug|Any CPU.Build.0 = Debug|Any CPU
		{927D2C31-ED21-4069-9841-4C8B0B1415C8}.Debug|Any CPU.Deploy.0 = Debug|Any CPU
		{927D2C31-ED21-4069-9841-4C8B0B1415C8}.Release|Any CPU.ActiveCfg = Release|Any CPU
		{927D2C31-ED21-4069-9841-4C8B0B1415C8}.Release|Any CPU.Build.0 = Release|Any CPU
		{927D2C31-ED21-4069-9841-4C8B0B1415C8}.Release|Any CPU.Deploy.0 = Release|Any CPU
	EndGlobalSection
	GlobalSection(SolutionProperties) = preSolution
		HideSolutionNode = FALSE
	EndGlobalSection
	GlobalSection(ExtensibilityGlobals) = postSolution
		SolutionGuid = {8883AC6C-08D1-4293-8D2E-075406F4AF08}
	EndGlobalSection
EndGlobal
